// !$*UTF8*$!
{
	archiveVersion = 1;
	classes = {
	};
	objectVersion = 56;
	objects = {

/* Begin PBXBuildFile section */
		84E4110B0B75F0D747EDDE20 /* Pods_Navigation.framework in Frameworks */ = {isa = PBXBuildFile; fileRef = EF1310A03AE9DC16AC4F837A /* Pods_Navigation.framework */; };
		BE0949A22981183C00F7D987 /* ProfileHeaderView.swift in Sources */ = {isa = PBXBuildFile; fileRef = BE0949A12981183C00F7D987 /* ProfileHeaderView.swift */; };
		BE19565B2A3C1A9700D6F103 /* Planets.swift in Sources */ = {isa = PBXBuildFile; fileRef = BE19565A2A3C1A9700D6F103 /* Planets.swift */; };
		BE19565D2A3C34F300D6F103 /* People.swift in Sources */ = {isa = PBXBuildFile; fileRef = BE19565C2A3C34F300D6F103 /* People.swift */; };
		BE1A63B72990857100511424 /* PhotosTableViewCell.swift in Sources */ = {isa = PBXBuildFile; fileRef = BE1A63B62990857100511424 /* PhotosTableViewCell.swift */; };
		BE1A63B92990A84500511424 /* Photo.swift in Sources */ = {isa = PBXBuildFile; fileRef = BE1A63B82990A84500511424 /* Photo.swift */; };
		BE1A63BB2990AC6C00511424 /* PhotosViewController.swift in Sources */ = {isa = PBXBuildFile; fileRef = BE1A63BA2990AC6C00511424 /* PhotosViewController.swift */; };
		BE1A63BD29911F0E00511424 /* PhotosCollectionViewCell.swift in Sources */ = {isa = PBXBuildFile; fileRef = BE1A63BC29911F0E00511424 /* PhotosCollectionViewCell.swift */; };
		BE59C0332987920300AF94B6 /* LogInViewController.swift in Sources */ = {isa = PBXBuildFile; fileRef = BE59C0322987920300AF94B6 /* LogInViewController.swift */; };
		BE59C0352988140500AF94B6 /* ExtensionUIView.swift in Sources */ = {isa = PBXBuildFile; fileRef = BE59C0342988140500AF94B6 /* ExtensionUIView.swift */; };
		BE892D4E2988FD35007BB937 /* PostTableViewCell.swift in Sources */ = {isa = PBXBuildFile; fileRef = BE892D4D2988FD35007BB937 /* PostTableViewCell.swift */; };
		BE8EE8E42A147F1A00EC7DA6 /* StorageService.docc in Sources */ = {isa = PBXBuildFile; fileRef = BE8EE8E32A147F1A00EC7DA6 /* StorageService.docc */; };
		BE8EE8E52A147F1A00EC7DA6 /* StorageService.h in Headers */ = {isa = PBXBuildFile; fileRef = BE8EE8E22A147F1A00EC7DA6 /* StorageService.h */; settings = {ATTRIBUTES = (Public, ); }; };
		BE8EE8E82A147F1A00EC7DA6 /* StorageService.framework in Frameworks */ = {isa = PBXBuildFile; fileRef = BE8EE8E02A147F1A00EC7DA6 /* StorageService.framework */; };
		BE8EE8E92A147F1A00EC7DA6 /* StorageService.framework in Embed Frameworks */ = {isa = PBXBuildFile; fileRef = BE8EE8E02A147F1A00EC7DA6 /* StorageService.framework */; settings = {ATTRIBUTES = (CodeSignOnCopy, RemoveHeadersOnCopy, ); }; };
		BE8EE8EF2A14809100EC7DA6 /* Post.swift in Sources */ = {isa = PBXBuildFile; fileRef = BE913161297AE876005D00E9 /* Post.swift */; };
		BE8EE9002A159BAA00EC7DA6 /* iOSIntPackage in Frameworks */ = {isa = PBXBuildFile; productRef = BE8EE8FF2A159BAA00EC7DA6 /* iOSIntPackage */; };
		BE8EE9022A2048EC00EC7DA6 /* BruteForce.swift in Sources */ = {isa = PBXBuildFile; fileRef = BE8EE9012A2048EC00EC7DA6 /* BruteForce.swift */; };
		BE913146297AE45F005D00E9 /* AppDelegate.swift in Sources */ = {isa = PBXBuildFile; fileRef = BE913145297AE45F005D00E9 /* AppDelegate.swift */; };
		BE913148297AE45F005D00E9 /* SceneDelegate.swift in Sources */ = {isa = PBXBuildFile; fileRef = BE913147297AE45F005D00E9 /* SceneDelegate.swift */; };
		BE91314F297AE45F005D00E9 /* Assets.xcassets in Resources */ = {isa = PBXBuildFile; fileRef = BE91314E297AE45F005D00E9 /* Assets.xcassets */; };
		BE913152297AE45F005D00E9 /* LaunchScreen.storyboard in Resources */ = {isa = PBXBuildFile; fileRef = BE913150297AE45F005D00E9 /* LaunchScreen.storyboard */; };
		BE91315A297AE830005D00E9 /* FeedViewController.swift in Sources */ = {isa = PBXBuildFile; fileRef = BE913159297AE830005D00E9 /* FeedViewController.swift */; };
		BE91315C297AE844005D00E9 /* ProfileViewController.swift in Sources */ = {isa = PBXBuildFile; fileRef = BE91315B297AE844005D00E9 /* ProfileViewController.swift */; };
		BE91315E297AE856005D00E9 /* PostViewController.swift in Sources */ = {isa = PBXBuildFile; fileRef = BE91315D297AE856005D00E9 /* PostViewController.swift */; };
		BE913160297AE86A005D00E9 /* InfoViewController.swift in Sources */ = {isa = PBXBuildFile; fileRef = BE91315F297AE86A005D00E9 /* InfoViewController.swift */; };
		BEC4936A29CFC6E60021458D /* User.swift in Sources */ = {isa = PBXBuildFile; fileRef = BEC4936929CFC6E60021458D /* User.swift */; };
		BEC4936C29D02A5B0021458D /* TestUserService.swift in Sources */ = {isa = PBXBuildFile; fileRef = BEC4936B29D02A5B0021458D /* TestUserService.swift */; };
		BEC4936F29D02AAE0021458D /* UserServiceProtocol.swift in Sources */ = {isa = PBXBuildFile; fileRef = BEC4936E29D02AAE0021458D /* UserServiceProtocol.swift */; };
		BEC4937129D02ACB0021458D /* CurrentUserService.swift in Sources */ = {isa = PBXBuildFile; fileRef = BEC4937029D02ACB0021458D /* CurrentUserService.swift */; };
		BEC7834C2A3745DB00013A49 /* NetworkManager.swift in Sources */ = {isa = PBXBuildFile; fileRef = BEC7834B2A3745DB00013A49 /* NetworkManager.swift */; };
		BED565DD29D3C3B400FA38EB /* LoginChecker.swift in Sources */ = {isa = PBXBuildFile; fileRef = BED565DC29D3C3B400FA38EB /* LoginChecker.swift */; };
		BED565DF29D3C72D00FA38EB /* LoginViewControllerDelegate.swift in Sources */ = {isa = PBXBuildFile; fileRef = BED565DE29D3C72D00FA38EB /* LoginViewControllerDelegate.swift */; };
		BED565E129D3C95D00FA38EB /* LoginInspector.swift in Sources */ = {isa = PBXBuildFile; fileRef = BED565E029D3C95D00FA38EB /* LoginInspector.swift */; };
		BED565E329D3CAEE00FA38EB /* LoginFactory.swift in Sources */ = {isa = PBXBuildFile; fileRef = BED565E229D3CAEE00FA38EB /* LoginFactory.swift */; };
		BEE4E1992A61228200C568DE /* CheckerService.swift in Sources */ = {isa = PBXBuildFile; fileRef = BEE4E1982A61228200C568DE /* CheckerService.swift */; };
		BEE4E1A82A695F2A00C568DE /* GoogleService-Info.plist in Resources */ = {isa = PBXBuildFile; fileRef = BEE4E1A72A695F2A00C568DE /* GoogleService-Info.plist */; };
		BEEE636B29DE466700C510B0 /* CustomButton.swift in Sources */ = {isa = PBXBuildFile; fileRef = BEEE636A29DE466700C510B0 /* CustomButton.swift */; };
		BEEE636D29DE47CD00C510B0 /* FeedModel.swift in Sources */ = {isa = PBXBuildFile; fileRef = BEEE636C29DE47CD00C510B0 /* FeedModel.swift */; };
		FB51CFD841AFD663D55BB16C /* Pods_StorageService.framework in Frameworks */ = {isa = PBXBuildFile; fileRef = 1AFCD307238447A913DB125F /* Pods_StorageService.framework */; };
/* End PBXBuildFile section */

/* Begin PBXContainerItemProxy section */
		BE8EE8E62A147F1A00EC7DA6 /* PBXContainerItemProxy */ = {
			isa = PBXContainerItemProxy;
			containerPortal = BE91313A297AE45F005D00E9 /* Project object */;
			proxyType = 1;
			remoteGlobalIDString = BE8EE8DF2A147F1A00EC7DA6;
			remoteInfo = StorageService;
		};
/* End PBXContainerItemProxy section */

/* Begin PBXCopyFilesBuildPhase section */
		BE37E0CB29C52CD200B9F43F /* Embed Frameworks */ = {
			isa = PBXCopyFilesBuildPhase;
			buildActionMask = 2147483647;
			dstPath = "";
			dstSubfolderSpec = 10;
			files = (
				BE8EE8E92A147F1A00EC7DA6 /* StorageService.framework in Embed Frameworks */,
			);
			name = "Embed Frameworks";
			runOnlyForDeploymentPostprocessing = 0;
		};
/* End PBXCopyFilesBuildPhase section */

/* Begin PBXFileReference section */
		1AFCD307238447A913DB125F /* Pods_StorageService.framework */ = {isa = PBXFileReference; explicitFileType = wrapper.framework; includeInIndex = 0; path = Pods_StorageService.framework; sourceTree = BUILT_PRODUCTS_DIR; };
		56E52DFBBCA24AF27E6A6F0B /* Pods-Navigation.release.xcconfig */ = {isa = PBXFileReference; includeInIndex = 1; lastKnownFileType = text.xcconfig; name = "Pods-Navigation.release.xcconfig"; path = "Target Support Files/Pods-Navigation/Pods-Navigation.release.xcconfig"; sourceTree = "<group>"; };
		8C2AEF0B43C7F5E2A8070462 /* Pods-StorageService.debug.xcconfig */ = {isa = PBXFileReference; includeInIndex = 1; lastKnownFileType = text.xcconfig; name = "Pods-StorageService.debug.xcconfig"; path = "Target Support Files/Pods-StorageService/Pods-StorageService.debug.xcconfig"; sourceTree = "<group>"; };
		BC955C6D2DE64738A81A5B25 /* Pods-Navigation.debug.xcconfig */ = {isa = PBXFileReference; includeInIndex = 1; lastKnownFileType = text.xcconfig; name = "Pods-Navigation.debug.xcconfig"; path = "Target Support Files/Pods-Navigation/Pods-Navigation.debug.xcconfig"; sourceTree = "<group>"; };
		BE0949A12981183C00F7D987 /* ProfileHeaderView.swift */ = {isa = PBXFileReference; lastKnownFileType = sourcecode.swift; path = ProfileHeaderView.swift; sourceTree = "<group>"; };
		BE19565A2A3C1A9700D6F103 /* Planets.swift */ = {isa = PBXFileReference; lastKnownFileType = sourcecode.swift; path = Planets.swift; sourceTree = "<group>"; };
		BE19565C2A3C34F300D6F103 /* People.swift */ = {isa = PBXFileReference; lastKnownFileType = sourcecode.swift; path = People.swift; sourceTree = "<group>"; };
		BE1A63B62990857100511424 /* PhotosTableViewCell.swift */ = {isa = PBXFileReference; lastKnownFileType = sourcecode.swift; path = PhotosTableViewCell.swift; sourceTree = "<group>"; };
		BE1A63B82990A84500511424 /* Photo.swift */ = {isa = PBXFileReference; lastKnownFileType = sourcecode.swift; path = Photo.swift; sourceTree = "<group>"; };
		BE1A63BA2990AC6C00511424 /* PhotosViewController.swift */ = {isa = PBXFileReference; lastKnownFileType = sourcecode.swift; path = PhotosViewController.swift; sourceTree = "<group>"; };
		BE1A63BC29911F0E00511424 /* PhotosCollectionViewCell.swift */ = {isa = PBXFileReference; lastKnownFileType = sourcecode.swift; path = PhotosCollectionViewCell.swift; sourceTree = "<group>"; };
		BE59C0322987920300AF94B6 /* LogInViewController.swift */ = {isa = PBXFileReference; lastKnownFileType = sourcecode.swift; path = LogInViewController.swift; sourceTree = "<group>"; };
		BE59C0342988140500AF94B6 /* ExtensionUIView.swift */ = {isa = PBXFileReference; lastKnownFileType = sourcecode.swift; path = ExtensionUIView.swift; sourceTree = "<group>"; };
		BE892D4D2988FD35007BB937 /* PostTableViewCell.swift */ = {isa = PBXFileReference; lastKnownFileType = sourcecode.swift; path = PostTableViewCell.swift; sourceTree = "<group>"; };
		BE8EE8E02A147F1A00EC7DA6 /* StorageService.framework */ = {isa = PBXFileReference; explicitFileType = wrapper.framework; includeInIndex = 0; path = StorageService.framework; sourceTree = BUILT_PRODUCTS_DIR; };
		BE8EE8E22A147F1A00EC7DA6 /* StorageService.h */ = {isa = PBXFileReference; lastKnownFileType = sourcecode.c.h; path = StorageService.h; sourceTree = "<group>"; };
		BE8EE8E32A147F1A00EC7DA6 /* StorageService.docc */ = {isa = PBXFileReference; lastKnownFileType = folder.documentationcatalog; path = StorageService.docc; sourceTree = "<group>"; };
		BE8EE9012A2048EC00EC7DA6 /* BruteForce.swift */ = {isa = PBXFileReference; lastKnownFileType = sourcecode.swift; path = BruteForce.swift; sourceTree = "<group>"; };
		BE913142297AE45F005D00E9 /* Navigation.app */ = {isa = PBXFileReference; explicitFileType = wrapper.application; includeInIndex = 0; path = Navigation.app; sourceTree = BUILT_PRODUCTS_DIR; };
		BE913145297AE45F005D00E9 /* AppDelegate.swift */ = {isa = PBXFileReference; lastKnownFileType = sourcecode.swift; path = AppDelegate.swift; sourceTree = "<group>"; };
		BE913147297AE45F005D00E9 /* SceneDelegate.swift */ = {isa = PBXFileReference; lastKnownFileType = sourcecode.swift; path = SceneDelegate.swift; sourceTree = "<group>"; };
		BE91314E297AE45F005D00E9 /* Assets.xcassets */ = {isa = PBXFileReference; lastKnownFileType = folder.assetcatalog; path = Assets.xcassets; sourceTree = "<group>"; };
		BE913151297AE45F005D00E9 /* Base */ = {isa = PBXFileReference; lastKnownFileType = file.storyboard; name = Base; path = Base.lproj/LaunchScreen.storyboard; sourceTree = "<group>"; };
		BE913153297AE45F005D00E9 /* Info.plist */ = {isa = PBXFileReference; lastKnownFileType = text.plist.xml; path = Info.plist; sourceTree = "<group>"; };
		BE913159297AE830005D00E9 /* FeedViewController.swift */ = {isa = PBXFileReference; lastKnownFileType = sourcecode.swift; path = FeedViewController.swift; sourceTree = "<group>"; };
		BE91315B297AE844005D00E9 /* ProfileViewController.swift */ = {isa = PBXFileReference; lastKnownFileType = sourcecode.swift; path = ProfileViewController.swift; sourceTree = "<group>"; };
		BE91315D297AE856005D00E9 /* PostViewController.swift */ = {isa = PBXFileReference; lastKnownFileType = sourcecode.swift; path = PostViewController.swift; sourceTree = "<group>"; };
		BE91315F297AE86A005D00E9 /* InfoViewController.swift */ = {isa = PBXFileReference; lastKnownFileType = sourcecode.swift; path = InfoViewController.swift; sourceTree = "<group>"; };
		BE913161297AE876005D00E9 /* Post.swift */ = {isa = PBXFileReference; lastKnownFileType = sourcecode.swift; path = Post.swift; sourceTree = "<group>"; };
		BEC4936929CFC6E60021458D /* User.swift */ = {isa = PBXFileReference; lastKnownFileType = sourcecode.swift; path = User.swift; sourceTree = "<group>"; };
		BEC4936B29D02A5B0021458D /* TestUserService.swift */ = {isa = PBXFileReference; lastKnownFileType = sourcecode.swift; path = TestUserService.swift; sourceTree = "<group>"; };
		BEC4936E29D02AAE0021458D /* UserServiceProtocol.swift */ = {isa = PBXFileReference; lastKnownFileType = sourcecode.swift; path = UserServiceProtocol.swift; sourceTree = "<group>"; };
		BEC4937029D02ACB0021458D /* CurrentUserService.swift */ = {isa = PBXFileReference; lastKnownFileType = sourcecode.swift; path = CurrentUserService.swift; sourceTree = "<group>"; };
		BEC7834B2A3745DB00013A49 /* NetworkManager.swift */ = {isa = PBXFileReference; lastKnownFileType = sourcecode.swift; path = NetworkManager.swift; sourceTree = "<group>"; };
		BED565DC29D3C3B400FA38EB /* LoginChecker.swift */ = {isa = PBXFileReference; lastKnownFileType = sourcecode.swift; path = LoginChecker.swift; sourceTree = "<group>"; };
		BED565DE29D3C72D00FA38EB /* LoginViewControllerDelegate.swift */ = {isa = PBXFileReference; lastKnownFileType = sourcecode.swift; path = LoginViewControllerDelegate.swift; sourceTree = "<group>"; };
		BED565E029D3C95D00FA38EB /* LoginInspector.swift */ = {isa = PBXFileReference; lastKnownFileType = sourcecode.swift; path = LoginInspector.swift; sourceTree = "<group>"; };
		BED565E229D3CAEE00FA38EB /* LoginFactory.swift */ = {isa = PBXFileReference; lastKnownFileType = sourcecode.swift; path = LoginFactory.swift; sourceTree = "<group>"; };
		BEE4E1982A61228200C568DE /* CheckerService.swift */ = {isa = PBXFileReference; lastKnownFileType = sourcecode.swift; path = CheckerService.swift; sourceTree = "<group>"; };
		BEE4E1A72A695F2A00C568DE /* GoogleService-Info.plist */ = {isa = PBXFileReference; lastKnownFileType = text.plist; path = "GoogleService-Info.plist"; sourceTree = SOURCE_ROOT; };
		BEEE636A29DE466700C510B0 /* CustomButton.swift */ = {isa = PBXFileReference; lastKnownFileType = sourcecode.swift; path = CustomButton.swift; sourceTree = "<group>"; };
		BEEE636C29DE47CD00C510B0 /* FeedModel.swift */ = {isa = PBXFileReference; lastKnownFileType = sourcecode.swift; path = FeedModel.swift; sourceTree = "<group>"; };
		C0FC3FAE7C9FAE360C221B77 /* Pods-StorageService.release.xcconfig */ = {isa = PBXFileReference; includeInIndex = 1; lastKnownFileType = text.xcconfig; name = "Pods-StorageService.release.xcconfig"; path = "Target Support Files/Pods-StorageService/Pods-StorageService.release.xcconfig"; sourceTree = "<group>"; };
		EF1310A03AE9DC16AC4F837A /* Pods_Navigation.framework */ = {isa = PBXFileReference; explicitFileType = wrapper.framework; includeInIndex = 0; path = Pods_Navigation.framework; sourceTree = BUILT_PRODUCTS_DIR; };
/* End PBXFileReference section */

/* Begin PBXFrameworksBuildPhase section */
		BE8EE8DD2A147F1A00EC7DA6 /* Frameworks */ = {
			isa = PBXFrameworksBuildPhase;
			buildActionMask = 2147483647;
			files = (
				FB51CFD841AFD663D55BB16C /* Pods_StorageService.framework in Frameworks */,
			);
			runOnlyForDeploymentPostprocessing = 0;
		};
		BE91313F297AE45F005D00E9 /* Frameworks */ = {
			isa = PBXFrameworksBuildPhase;
			buildActionMask = 2147483647;
			files = (
				BE8EE9002A159BAA00EC7DA6 /* iOSIntPackage in Frameworks */,
				BE8EE8E82A147F1A00EC7DA6 /* StorageService.framework in Frameworks */,
				84E4110B0B75F0D747EDDE20 /* Pods_Navigation.framework in Frameworks */,
			);
			runOnlyForDeploymentPostprocessing = 0;
		};
/* End PBXFrameworksBuildPhase section */

/* Begin PBXGroup section */
		BE0949A02981180F00F7D987 /* Profile */ = {
			isa = PBXGroup;
			children = (
				BE0949A12981183C00F7D987 /* ProfileHeaderView.swift */,
				BE91315B297AE844005D00E9 /* ProfileViewController.swift */,
				BE892D4D2988FD35007BB937 /* PostTableViewCell.swift */,
			);
			path = Profile;
			sourceTree = "<group>";
		};
		BE1D504529D0D6FB00487728 /* Photo */ = {
			isa = PBXGroup;
			children = (
				BE1A63B82990A84500511424 /* Photo.swift */,
				BE1A63B62990857100511424 /* PhotosTableViewCell.swift */,
				BE1A63BA2990AC6C00511424 /* PhotosViewController.swift */,
				BE1A63BC29911F0E00511424 /* PhotosCollectionViewCell.swift */,
			);
			path = Photo;
			sourceTree = "<group>";
		};
		BE8EE8E12A147F1A00EC7DA6 /* StorageService */ = {
			isa = PBXGroup;
			children = (
				BE913161297AE876005D00E9 /* Post.swift */,
				BE8EE8E22A147F1A00EC7DA6 /* StorageService.h */,
				BE8EE8E32A147F1A00EC7DA6 /* StorageService.docc */,
			);
			path = StorageService;
			sourceTree = "<group>";
		};
		BE913139297AE45F005D00E9 = {
			isa = PBXGroup;
			children = (
				BE913144297AE45F005D00E9 /* Navigation */,
				BE8EE8E12A147F1A00EC7DA6 /* StorageService */,
				BE913143297AE45F005D00E9 /* Products */,
				EFF29CB17A6C743BF1FF8C51 /* Pods */,
				D9005F84840B768D2A84B5EC /* Frameworks */,
			);
			sourceTree = "<group>";
		};
		BE913143297AE45F005D00E9 /* Products */ = {
			isa = PBXGroup;
			children = (
				BE913142297AE45F005D00E9 /* Navigation.app */,
				BE8EE8E02A147F1A00EC7DA6 /* StorageService.framework */,
			);
			name = Products;
			sourceTree = "<group>";
		};
		BE913144297AE45F005D00E9 /* Navigation */ = {
			isa = PBXGroup;
			children = (
				BE913145297AE45F005D00E9 /* AppDelegate.swift */,
				BE913147297AE45F005D00E9 /* SceneDelegate.swift */,
				BED565DB29D3C37A00FA38EB /* LogIn */,
				BE0949A02981180F00F7D987 /* Profile */,
				BE1D504529D0D6FB00487728 /* Photo */,
				BEC4936D29D02A670021458D /* User */,
				BE913159297AE830005D00E9 /* FeedViewController.swift */,
				BE91315D297AE856005D00E9 /* PostViewController.swift */,
				BE91315F297AE86A005D00E9 /* InfoViewController.swift */,
				BEEE636A29DE466700C510B0 /* CustomButton.swift */,
				BEEE636C29DE47CD00C510B0 /* FeedModel.swift */,
				BE8EE9012A2048EC00EC7DA6 /* BruteForce.swift */,
				BE91314E297AE45F005D00E9 /* Assets.xcassets */,
				BE913150297AE45F005D00E9 /* LaunchScreen.storyboard */,
				BE913153297AE45F005D00E9 /* Info.plist */,
				BEE4E1A72A695F2A00C568DE /* GoogleService-Info.plist */,
				BE59C0342988140500AF94B6 /* ExtensionUIView.swift */,
				BEC7834B2A3745DB00013A49 /* NetworkManager.swift */,
				BE19565A2A3C1A9700D6F103 /* Planets.swift */,
				BE19565C2A3C34F300D6F103 /* People.swift */,
			);
			path = Navigation;
			sourceTree = "<group>";
		};
		BEC4936D29D02A670021458D /* User */ = {
			isa = PBXGroup;
			children = (
				BEC4936929CFC6E60021458D /* User.swift */,
				BEC4936B29D02A5B0021458D /* TestUserService.swift */,
				BEC4937029D02ACB0021458D /* CurrentUserService.swift */,
				BEC4936E29D02AAE0021458D /* UserServiceProtocol.swift */,
			);
			path = User;
			sourceTree = "<group>";
		};
		BED565DB29D3C37A00FA38EB /* LogIn */ = {
			isa = PBXGroup;
			children = (
				BE59C0322987920300AF94B6 /* LogInViewController.swift */,
				BED565DC29D3C3B400FA38EB /* LoginChecker.swift */,
				BED565DE29D3C72D00FA38EB /* LoginViewControllerDelegate.swift */,
				BED565E029D3C95D00FA38EB /* LoginInspector.swift */,
				BED565E229D3CAEE00FA38EB /* LoginFactory.swift */,
				BEE4E1982A61228200C568DE /* CheckerService.swift */,
			);
			path = LogIn;
			sourceTree = "<group>";
		};
		D9005F84840B768D2A84B5EC /* Frameworks */ = {
			isa = PBXGroup;
			children = (
				EF1310A03AE9DC16AC4F837A /* Pods_Navigation.framework */,
				1AFCD307238447A913DB125F /* Pods_StorageService.framework */,
			);
			name = Frameworks;
			sourceTree = "<group>";
		};
		EFF29CB17A6C743BF1FF8C51 /* Pods */ = {
			isa = PBXGroup;
			children = (
				BC955C6D2DE64738A81A5B25 /* Pods-Navigation.debug.xcconfig */,
				56E52DFBBCA24AF27E6A6F0B /* Pods-Navigation.release.xcconfig */,
				8C2AEF0B43C7F5E2A8070462 /* Pods-StorageService.debug.xcconfig */,
				C0FC3FAE7C9FAE360C221B77 /* Pods-StorageService.release.xcconfig */,
			);
			path = Pods;
			sourceTree = "<group>";
		};
/* End PBXGroup section */

/* Begin PBXHeadersBuildPhase section */
		BE8EE8DB2A147F1A00EC7DA6 /* Headers */ = {
			isa = PBXHeadersBuildPhase;
			buildActionMask = 2147483647;
			files = (
				BE8EE8E52A147F1A00EC7DA6 /* StorageService.h in Headers */,
			);
			runOnlyForDeploymentPostprocessing = 0;
		};
/* End PBXHeadersBuildPhase section */

/* Begin PBXNativeTarget section */
		BE8EE8DF2A147F1A00EC7DA6 /* StorageService */ = {
			isa = PBXNativeTarget;
			buildConfigurationList = BE8EE8EA2A147F1A00EC7DA6 /* Build configuration list for PBXNativeTarget "StorageService" */;
			buildPhases = (
				65FD5CD5A8A7191EED0E22FD /* [CP] Check Pods Manifest.lock */,
				BE8EE8DB2A147F1A00EC7DA6 /* Headers */,
				BE8EE8DC2A147F1A00EC7DA6 /* Sources */,
				BE8EE8DD2A147F1A00EC7DA6 /* Frameworks */,
				BE8EE8DE2A147F1A00EC7DA6 /* Resources */,
			);
			buildRules = (
			);
			dependencies = (
			);
			name = StorageService;
			productName = StorageService;
			productReference = BE8EE8E02A147F1A00EC7DA6 /* StorageService.framework */;
			productType = "com.apple.product-type.framework";
		};
		BE913141297AE45F005D00E9 /* Navigation */ = {
			isa = PBXNativeTarget;
			buildConfigurationList = BE913156297AE45F005D00E9 /* Build configuration list for PBXNativeTarget "Navigation" */;
			buildPhases = (
				A2B4C1172BD0EA21E32AED51 /* [CP] Check Pods Manifest.lock */,
				BE91313E297AE45F005D00E9 /* Sources */,
				BE91313F297AE45F005D00E9 /* Frameworks */,
				BE913140297AE45F005D00E9 /* Resources */,
				BE37E0CB29C52CD200B9F43F /* Embed Frameworks */,
				10981EF69BD13AA6357BD6BB /* [CP] Embed Pods Frameworks */,
			);
			buildRules = (
			);
			dependencies = (
				BE8EE8E72A147F1A00EC7DA6 /* PBXTargetDependency */,
			);
			name = Navigation;
			packageProductDependencies = (
				BE8EE8FF2A159BAA00EC7DA6 /* iOSIntPackage */,
			);
			productName = Navigation;
			productReference = BE913142297AE45F005D00E9 /* Navigation.app */;
			productType = "com.apple.product-type.application";
		};
/* End PBXNativeTarget section */

/* Begin PBXProject section */
		BE91313A297AE45F005D00E9 /* Project object */ = {
			isa = PBXProject;
			attributes = {
				BuildIndependentTargetsInParallel = 1;
				LastSwiftUpdateCheck = 1420;
				LastUpgradeCheck = 1430;
				TargetAttributes = {
					BE8EE8DF2A147F1A00EC7DA6 = {
						CreatedOnToolsVersion = 14.3;
					};
					BE913141297AE45F005D00E9 = {
						CreatedOnToolsVersion = 14.2;
					};
				};
			};
			buildConfigurationList = BE91313D297AE45F005D00E9 /* Build configuration list for PBXProject "Navigation" */;
			compatibilityVersion = "Xcode 14.0";
			developmentRegion = en;
			hasScannedForEncodings = 0;
			knownRegions = (
				en,
				Base,
			);
			mainGroup = BE913139297AE45F005D00E9;
			packageReferences = (
				BE8EE8FE2A159BAA00EC7DA6 /* XCRemoteSwiftPackageReference "iOSIntPackage" */,
			);
			productRefGroup = BE913143297AE45F005D00E9 /* Products */;
			projectDirPath = "";
			projectRoot = "";
			targets = (
				BE913141297AE45F005D00E9 /* Navigation */,
				BE8EE8DF2A147F1A00EC7DA6 /* StorageService */,
			);
		};
/* End PBXProject section */

/* Begin PBXResourcesBuildPhase section */
		BE8EE8DE2A147F1A00EC7DA6 /* Resources */ = {
			isa = PBXResourcesBuildPhase;
			buildActionMask = 2147483647;
			files = (
			);
			runOnlyForDeploymentPostprocessing = 0;
		};
		BE913140297AE45F005D00E9 /* Resources */ = {
			isa = PBXResourcesBuildPhase;
			buildActionMask = 2147483647;
			files = (
				BE913152297AE45F005D00E9 /* LaunchScreen.storyboard in Resources */,
				BE91314F297AE45F005D00E9 /* Assets.xcassets in Resources */,
				BEE4E1A82A695F2A00C568DE /* GoogleService-Info.plist in Resources */,
			);
			runOnlyForDeploymentPostprocessing = 0;
		};
/* End PBXResourcesBuildPhase section */

/* Begin PBXShellScriptBuildPhase section */
		10981EF69BD13AA6357BD6BB /* [CP] Embed Pods Frameworks */ = {
			isa = PBXShellScriptBuildPhase;
			buildActionMask = 2147483647;
			files = (
			);
			inputFileListPaths = (
				"${PODS_ROOT}/Target Support Files/Pods-Navigation/Pods-Navigation-frameworks-${CONFIGURATION}-input-files.xcfilelist",
			);
			name = "[CP] Embed Pods Frameworks";
			outputFileListPaths = (
				"${PODS_ROOT}/Target Support Files/Pods-Navigation/Pods-Navigation-frameworks-${CONFIGURATION}-output-files.xcfilelist",
			);
			runOnlyForDeploymentPostprocessing = 0;
			shellPath = /bin/sh;
			shellScript = "\"${PODS_ROOT}/Target Support Files/Pods-Navigation/Pods-Navigation-frameworks.sh\"\n";
			showEnvVarsInLog = 0;
		};
		65FD5CD5A8A7191EED0E22FD /* [CP] Check Pods Manifest.lock */ = {
			isa = PBXShellScriptBuildPhase;
			buildActionMask = 2147483647;
			files = (
			);
			inputFileListPaths = (
			);
			inputPaths = (
				"${PODS_PODFILE_DIR_PATH}/Podfile.lock",
				"${PODS_ROOT}/Manifest.lock",
			);
			name = "[CP] Check Pods Manifest.lock";
			outputFileListPaths = (
			);
			outputPaths = (
				"$(DERIVED_FILE_DIR)/Pods-StorageService-checkManifestLockResult.txt",
			);
			runOnlyForDeploymentPostprocessing = 0;
			shellPath = /bin/sh;
			shellScript = "diff \"${PODS_PODFILE_DIR_PATH}/Podfile.lock\" \"${PODS_ROOT}/Manifest.lock\" > /dev/null\nif [ $? != 0 ] ; then\n    # print error to STDERR\n    echo \"error: The sandbox is not in sync with the Podfile.lock. Run 'pod install' or update your CocoaPods installation.\" >&2\n    exit 1\nfi\n# This output is used by Xcode 'outputs' to avoid re-running this script phase.\necho \"SUCCESS\" > \"${SCRIPT_OUTPUT_FILE_0}\"\n";
			showEnvVarsInLog = 0;
		};
		A2B4C1172BD0EA21E32AED51 /* [CP] Check Pods Manifest.lock */ = {
			isa = PBXShellScriptBuildPhase;
			buildActionMask = 2147483647;
			files = (
			);
			inputFileListPaths = (
			);
			inputPaths = (
				"${PODS_PODFILE_DIR_PATH}/Podfile.lock",
				"${PODS_ROOT}/Manifest.lock",
			);
			name = "[CP] Check Pods Manifest.lock";
			outputFileListPaths = (
			);
			outputPaths = (
				"$(DERIVED_FILE_DIR)/Pods-Navigation-checkManifestLockResult.txt",
			);
			runOnlyForDeploymentPostprocessing = 0;
			shellPath = /bin/sh;
			shellScript = "diff \"${PODS_PODFILE_DIR_PATH}/Podfile.lock\" \"${PODS_ROOT}/Manifest.lock\" > /dev/null\nif [ $? != 0 ] ; then\n    # print error to STDERR\n    echo \"error: The sandbox is not in sync with the Podfile.lock. Run 'pod install' or update your CocoaPods installation.\" >&2\n    exit 1\nfi\n# This output is used by Xcode 'outputs' to avoid re-running this script phase.\necho \"SUCCESS\" > \"${SCRIPT_OUTPUT_FILE_0}\"\n";
			showEnvVarsInLog = 0;
		};
/* End PBXShellScriptBuildPhase section */

/* Begin PBXSourcesBuildPhase section */
		BE8EE8DC2A147F1A00EC7DA6 /* Sources */ = {
			isa = PBXSourcesBuildPhase;
			buildActionMask = 2147483647;
			files = (
				BE8EE8E42A147F1A00EC7DA6 /* StorageService.docc in Sources */,
				BE8EE8EF2A14809100EC7DA6 /* Post.swift in Sources */,
			);
			runOnlyForDeploymentPostprocessing = 0;
		};
		BE91313E297AE45F005D00E9 /* Sources */ = {
			isa = PBXSourcesBuildPhase;
			buildActionMask = 2147483647;
			files = (
				BED565E129D3C95D00FA38EB /* LoginInspector.swift in Sources */,
				BEC4936C29D02A5B0021458D /* TestUserService.swift in Sources */,
				BED565DF29D3C72D00FA38EB /* LoginViewControllerDelegate.swift in Sources */,
				BED565DD29D3C3B400FA38EB /* LoginChecker.swift in Sources */,
				BE1A63B72990857100511424 /* PhotosTableViewCell.swift in Sources */,
				BE91315E297AE856005D00E9 /* PostViewController.swift in Sources */,
				BE59C0352988140500AF94B6 /* ExtensionUIView.swift in Sources */,
				BEE4E1992A61228200C568DE /* CheckerService.swift in Sources */,
				BEEE636D29DE47CD00C510B0 /* FeedModel.swift in Sources */,
				BE913146297AE45F005D00E9 /* AppDelegate.swift in Sources */,
				BE0949A22981183C00F7D987 /* ProfileHeaderView.swift in Sources */,
				BE1A63B92990A84500511424 /* Photo.swift in Sources */,
				BE8EE9022A2048EC00EC7DA6 /* BruteForce.swift in Sources */,
				BED565E329D3CAEE00FA38EB /* LoginFactory.swift in Sources */,
				BE913160297AE86A005D00E9 /* InfoViewController.swift in Sources */,
				BEC4936A29CFC6E60021458D /* User.swift in Sources */,
				BE91315C297AE844005D00E9 /* ProfileViewController.swift in Sources */,
				BEC7834C2A3745DB00013A49 /* NetworkManager.swift in Sources */,
				BEC4937129D02ACB0021458D /* CurrentUserService.swift in Sources */,
				BE91315A297AE830005D00E9 /* FeedViewController.swift in Sources */,
				BE59C0332987920300AF94B6 /* LogInViewController.swift in Sources */,
				BE19565D2A3C34F300D6F103 /* People.swift in Sources */,
				BEEE636B29DE466700C510B0 /* CustomButton.swift in Sources */,
				BE1A63BD29911F0E00511424 /* PhotosCollectionViewCell.swift in Sources */,
				BEC4936F29D02AAE0021458D /* UserServiceProtocol.swift in Sources */,
				BE1A63BB2990AC6C00511424 /* PhotosViewController.swift in Sources */,
				BE913148297AE45F005D00E9 /* SceneDelegate.swift in Sources */,
				BE892D4E2988FD35007BB937 /* PostTableViewCell.swift in Sources */,
				BE19565B2A3C1A9700D6F103 /* Planets.swift in Sources */,
			);
			runOnlyForDeploymentPostprocessing = 0;
		};
/* End PBXSourcesBuildPhase section */

/* Begin PBXTargetDependency section */
		BE8EE8E72A147F1A00EC7DA6 /* PBXTargetDependency */ = {
			isa = PBXTargetDependency;
			target = BE8EE8DF2A147F1A00EC7DA6 /* StorageService */;
			targetProxy = BE8EE8E62A147F1A00EC7DA6 /* PBXContainerItemProxy */;
		};
/* End PBXTargetDependency section */

/* Begin PBXVariantGroup section */
		BE913150297AE45F005D00E9 /* LaunchScreen.storyboard */ = {
			isa = PBXVariantGroup;
			children = (
				BE913151297AE45F005D00E9 /* Base */,
			);
			name = LaunchScreen.storyboard;
			sourceTree = "<group>";
		};
/* End PBXVariantGroup section */

/* Begin XCBuildConfiguration section */
		BE8EE8EB2A147F1A00EC7DA6 /* Debug */ = {
			isa = XCBuildConfiguration;
			baseConfigurationReference = 8C2AEF0B43C7F5E2A8070462 /* Pods-StorageService.debug.xcconfig */;
			buildSettings = {
				CODE_SIGN_STYLE = Automatic;
				CURRENT_PROJECT_VERSION = 1;
				DEFINES_MODULE = YES;
				DYLIB_COMPATIBILITY_VERSION = 1;
				DYLIB_CURRENT_VERSION = 1;
				DYLIB_INSTALL_NAME_BASE = "@rpath";
				ENABLE_MODULE_VERIFIER = YES;
				GENERATE_INFOPLIST_FILE = YES;
				INFOPLIST_KEY_NSHumanReadableCopyright = "";
				INSTALL_PATH = "$(LOCAL_LIBRARY_DIR)/Frameworks";
				IPHONEOS_DEPLOYMENT_TARGET = 16.2;
				LD_RUNPATH_SEARCH_PATHS = (
					"$(inherited)",
					"@executable_path/Frameworks",
					"@loader_path/Frameworks",
				);
				MARKETING_VERSION = 1.0;
				MODULE_VERIFIER_SUPPORTED_LANGUAGES = "objective-c objective-c++";
				MODULE_VERIFIER_SUPPORTED_LANGUAGE_STANDARDS = "gnu11 gnu++20";
				PRODUCT_BUNDLE_IDENTIFIER = alluroso.StorageService;
				PRODUCT_NAME = "$(TARGET_NAME:c99extidentifier)";
				SKIP_INSTALL = YES;
				SWIFT_EMIT_LOC_STRINGS = YES;
				SWIFT_VERSION = 5.0;
				TARGETED_DEVICE_FAMILY = "1,2";
				VERSIONING_SYSTEM = "apple-generic";
				VERSION_INFO_PREFIX = "";
			};
			name = Debug;
		};
		BE8EE8EC2A147F1A00EC7DA6 /* Release */ = {
			isa = XCBuildConfiguration;
			baseConfigurationReference = C0FC3FAE7C9FAE360C221B77 /* Pods-StorageService.release.xcconfig */;
			buildSettings = {
				CODE_SIGN_STYLE = Automatic;
				CURRENT_PROJECT_VERSION = 1;
				DEFINES_MODULE = YES;
				DYLIB_COMPATIBILITY_VERSION = 1;
				DYLIB_CURRENT_VERSION = 1;
				DYLIB_INSTALL_NAME_BASE = "@rpath";
				ENABLE_MODULE_VERIFIER = YES;
				GENERATE_INFOPLIST_FILE = YES;
				INFOPLIST_KEY_NSHumanReadableCopyright = "";
				INSTALL_PATH = "$(LOCAL_LIBRARY_DIR)/Frameworks";
				IPHONEOS_DEPLOYMENT_TARGET = 16.2;
				LD_RUNPATH_SEARCH_PATHS = (
					"$(inherited)",
					"@executable_path/Frameworks",
					"@loader_path/Frameworks",
				);
				MARKETING_VERSION = 1.0;
				MODULE_VERIFIER_SUPPORTED_LANGUAGES = "objective-c objective-c++";
				MODULE_VERIFIER_SUPPORTED_LANGUAGE_STANDARDS = "gnu11 gnu++20";
				PRODUCT_BUNDLE_IDENTIFIER = alluroso.StorageService;
				PRODUCT_NAME = "$(TARGET_NAME:c99extidentifier)";
				SKIP_INSTALL = YES;
				SWIFT_EMIT_LOC_STRINGS = YES;
				SWIFT_VERSION = 5.0;
				TARGETED_DEVICE_FAMILY = "1,2";
				VERSIONING_SYSTEM = "apple-generic";
				VERSION_INFO_PREFIX = "";
			};
			name = Release;
		};
		BE913154297AE45F005D00E9 /* Debug */ = {
			isa = XCBuildConfiguration;
			buildSettings = {
				ALWAYS_SEARCH_USER_PATHS = NO;
				CLANG_ANALYZER_NONNULL = YES;
				CLANG_ANALYZER_NUMBER_OBJECT_CONVERSION = YES_AGGRESSIVE;
				CLANG_CXX_LANGUAGE_STANDARD = "gnu++20";
				CLANG_ENABLE_MODULES = YES;
				CLANG_ENABLE_OBJC_ARC = YES;
				CLANG_ENABLE_OBJC_WEAK = YES;
				CLANG_WARN_BLOCK_CAPTURE_AUTORELEASING = YES;
				CLANG_WARN_BOOL_CONVERSION = YES;
				CLANG_WARN_COMMA = YES;
				CLANG_WARN_CONSTANT_CONVERSION = YES;
				CLANG_WARN_DEPRECATED_OBJC_IMPLEMENTATIONS = YES;
				CLANG_WARN_DIRECT_OBJC_ISA_USAGE = YES_ERROR;
				CLANG_WARN_DOCUMENTATION_COMMENTS = YES;
				CLANG_WARN_EMPTY_BODY = YES;
				CLANG_WARN_ENUM_CONVERSION = YES;
				CLANG_WARN_INFINITE_RECURSION = YES;
				CLANG_WARN_INT_CONVERSION = YES;
				CLANG_WARN_NON_LITERAL_NULL_CONVERSION = YES;
				CLANG_WARN_OBJC_IMPLICIT_RETAIN_SELF = YES;
				CLANG_WARN_OBJC_LITERAL_CONVERSION = YES;
				CLANG_WARN_OBJC_ROOT_CLASS = YES_ERROR;
				CLANG_WARN_QUOTED_INCLUDE_IN_FRAMEWORK_HEADER = YES;
				CLANG_WARN_RANGE_LOOP_ANALYSIS = YES;
				CLANG_WARN_STRICT_PROTOTYPES = YES;
				CLANG_WARN_SUSPICIOUS_MOVE = YES;
				CLANG_WARN_UNGUARDED_AVAILABILITY = YES_AGGRESSIVE;
				CLANG_WARN_UNREACHABLE_CODE = YES;
				CLANG_WARN__DUPLICATE_METHOD_MATCH = YES;
				COPY_PHASE_STRIP = NO;
				DEBUG_INFORMATION_FORMAT = dwarf;
				ENABLE_STRICT_OBJC_MSGSEND = YES;
				ENABLE_TESTABILITY = YES;
				GCC_C_LANGUAGE_STANDARD = gnu11;
				GCC_DYNAMIC_NO_PIC = NO;
				GCC_NO_COMMON_BLOCKS = YES;
				GCC_OPTIMIZATION_LEVEL = 0;
				GCC_PREPROCESSOR_DEFINITIONS = (
					"DEBUG=1",
					"$(inherited)",
				);
				GCC_WARN_64_TO_32_BIT_CONVERSION = YES;
				GCC_WARN_ABOUT_RETURN_TYPE = YES_ERROR;
				GCC_WARN_UNDECLARED_SELECTOR = YES;
				GCC_WARN_UNINITIALIZED_AUTOS = YES_AGGRESSIVE;
				GCC_WARN_UNUSED_FUNCTION = YES;
				GCC_WARN_UNUSED_VARIABLE = YES;
				IPHONEOS_DEPLOYMENT_TARGET = 16.2;
				MTL_ENABLE_DEBUG_INFO = INCLUDE_SOURCE;
				MTL_FAST_MATH = YES;
				ONLY_ACTIVE_ARCH = YES;
				SDKROOT = iphoneos;
				SWIFT_ACTIVE_COMPILATION_CONDITIONS = DEBUG;
				SWIFT_OPTIMIZATION_LEVEL = "-Onone";
			};
			name = Debug;
		};
		BE913155297AE45F005D00E9 /* Release */ = {
			isa = XCBuildConfiguration;
			buildSettings = {
				ALWAYS_SEARCH_USER_PATHS = NO;
				CLANG_ANALYZER_NONNULL = YES;
				CLANG_ANALYZER_NUMBER_OBJECT_CONVERSION = YES_AGGRESSIVE;
				CLANG_CXX_LANGUAGE_STANDARD = "gnu++20";
				CLANG_ENABLE_MODULES = YES;
				CLANG_ENABLE_OBJC_ARC = YES;
				CLANG_ENABLE_OBJC_WEAK = YES;
				CLANG_WARN_BLOCK_CAPTURE_AUTORELEASING = YES;
				CLANG_WARN_BOOL_CONVERSION = YES;
				CLANG_WARN_COMMA = YES;
				CLANG_WARN_CONSTANT_CONVERSION = YES;
				CLANG_WARN_DEPRECATED_OBJC_IMPLEMENTATIONS = YES;
				CLANG_WARN_DIRECT_OBJC_ISA_USAGE = YES_ERROR;
				CLANG_WARN_DOCUMENTATION_COMMENTS = YES;
				CLANG_WARN_EMPTY_BODY = YES;
				CLANG_WARN_ENUM_CONVERSION = YES;
				CLANG_WARN_INFINITE_RECURSION = YES;
				CLANG_WARN_INT_CONVERSION = YES;
				CLANG_WARN_NON_LITERAL_NULL_CONVERSION = YES;
				CLANG_WARN_OBJC_IMPLICIT_RETAIN_SELF = YES;
				CLANG_WARN_OBJC_LITERAL_CONVERSION = YES;
				CLANG_WARN_OBJC_ROOT_CLASS = YES_ERROR;
				CLANG_WARN_QUOTED_INCLUDE_IN_FRAMEWORK_HEADER = YES;
				CLANG_WARN_RANGE_LOOP_ANALYSIS = YES;
				CLANG_WARN_STRICT_PROTOTYPES = YES;
				CLANG_WARN_SUSPICIOUS_MOVE = YES;
				CLANG_WARN_UNGUARDED_AVAILABILITY = YES_AGGRESSIVE;
				CLANG_WARN_UNREACHABLE_CODE = YES;
				CLANG_WARN__DUPLICATE_METHOD_MATCH = YES;
				COPY_PHASE_STRIP = NO;
				DEBUG_INFORMATION_FORMAT = "dwarf-with-dsym";
				ENABLE_NS_ASSERTIONS = NO;
				ENABLE_STRICT_OBJC_MSGSEND = YES;
				GCC_C_LANGUAGE_STANDARD = gnu11;
				GCC_NO_COMMON_BLOCKS = YES;
				GCC_WARN_64_TO_32_BIT_CONVERSION = YES;
				GCC_WARN_ABOUT_RETURN_TYPE = YES_ERROR;
				GCC_WARN_UNDECLARED_SELECTOR = YES;
				GCC_WARN_UNINITIALIZED_AUTOS = YES_AGGRESSIVE;
				GCC_WARN_UNUSED_FUNCTION = YES;
				GCC_WARN_UNUSED_VARIABLE = YES;
				IPHONEOS_DEPLOYMENT_TARGET = 16.2;
				MTL_ENABLE_DEBUG_INFO = NO;
				MTL_FAST_MATH = YES;
				SDKROOT = iphoneos;
				SWIFT_COMPILATION_MODE = wholemodule;
				SWIFT_OPTIMIZATION_LEVEL = "-O";
				VALIDATE_PRODUCT = YES;
			};
			name = Release;
		};
		BE913157297AE45F005D00E9 /* Debug */ = {
			isa = XCBuildConfiguration;
			baseConfigurationReference = BC955C6D2DE64738A81A5B25 /* Pods-Navigation.debug.xcconfig */;
			buildSettings = {
				ALWAYS_EMBED_SWIFT_STANDARD_LIBRARIES = YES;
				ASSETCATALOG_COMPILER_APPICON_NAME = AppIcon;
				ASSETCATALOG_COMPILER_GLOBAL_ACCENT_COLOR_NAME = AccentColor;
				CODE_SIGN_STYLE = Automatic;
				CURRENT_PROJECT_VERSION = 1;
				GENERATE_INFOPLIST_FILE = YES;
				INFOPLIST_FILE = Navigation/Info.plist;
				INFOPLIST_KEY_UIApplicationSupportsIndirectInputEvents = YES;
				INFOPLIST_KEY_UILaunchStoryboardName = LaunchScreen;
				INFOPLIST_KEY_UISupportedInterfaceOrientations_iPad = "UIInterfaceOrientationPortrait UIInterfaceOrientationPortraitUpsideDown UIInterfaceOrientationLandscapeLeft UIInterfaceOrientationLandscapeRight";
				INFOPLIST_KEY_UISupportedInterfaceOrientations_iPhone = "UIInterfaceOrientationPortrait UIInterfaceOrientationLandscapeLeft UIInterfaceOrientationLandscapeRight";
				LD_RUNPATH_SEARCH_PATHS = (
					"$(inherited)",
					"@executable_path/Frameworks",
				);
				MARKETING_VERSION = 1.0;
				PRODUCT_BUNDLE_IDENTIFIER = com.alluroso.navigation;
				PRODUCT_NAME = "$(TARGET_NAME)";
				SWIFT_EMIT_LOC_STRINGS = YES;
				SWIFT_VERSION = 5.0;
				TARGETED_DEVICE_FAMILY = "1,2";
			};
			name = Debug;
		};
		BE913158297AE45F005D00E9 /* Release */ = {
			isa = XCBuildConfiguration;
			baseConfigurationReference = 56E52DFBBCA24AF27E6A6F0B /* Pods-Navigation.release.xcconfig */;
			buildSettings = {
				ALWAYS_EMBED_SWIFT_STANDARD_LIBRARIES = YES;
				ASSETCATALOG_COMPILER_APPICON_NAME = AppIcon;
				ASSETCATALOG_COMPILER_GLOBAL_ACCENT_COLOR_NAME = AccentColor;
				CODE_SIGN_STYLE = Automatic;
				CURRENT_PROJECT_VERSION = 1;
				GENERATE_INFOPLIST_FILE = YES;
				INFOPLIST_FILE = Navigation/Info.plist;
				INFOPLIST_KEY_UIApplicationSupportsIndirectInputEvents = YES;
				INFOPLIST_KEY_UILaunchStoryboardName = LaunchScreen;
				INFOPLIST_KEY_UISupportedInterfaceOrientations_iPad = "UIInterfaceOrientationPortrait UIInterfaceOrientationPortraitUpsideDown UIInterfaceOrientationLandscapeLeft UIInterfaceOrientationLandscapeRight";
				INFOPLIST_KEY_UISupportedInterfaceOrientations_iPhone = "UIInterfaceOrientationPortrait UIInterfaceOrientationLandscapeLeft UIInterfaceOrientationLandscapeRight";
				LD_RUNPATH_SEARCH_PATHS = (
					"$(inherited)",
					"@executable_path/Frameworks",
				);
				MARKETING_VERSION = 1.0;
				PRODUCT_BUNDLE_IDENTIFIER = com.alluroso.navigation;
				PRODUCT_NAME = "$(TARGET_NAME)";
				SWIFT_EMIT_LOC_STRINGS = YES;
				SWIFT_VERSION = 5.0;
				TARGETED_DEVICE_FAMILY = "1,2";
			};
			name = Release;
		};
/* End XCBuildConfiguration section */

/* Begin XCConfigurationList section */
		BE8EE8EA2A147F1A00EC7DA6 /* Build configuration list for PBXNativeTarget "StorageService" */ = {
			isa = XCConfigurationList;
			buildConfigurations = (
				BE8EE8EB2A147F1A00EC7DA6 /* Debug */,
				BE8EE8EC2A147F1A00EC7DA6 /* Release */,
			);
			defaultConfigurationIsVisible = 0;
			defaultConfigurationName = Debug;
		};
		BE91313D297AE45F005D00E9 /* Build configuration list for PBXProject "Navigation" */ = {
			isa = XCConfigurationList;
			buildConfigurations = (
				BE913154297AE45F005D00E9 /* Debug */,
				BE913155297AE45F005D00E9 /* Release */,
			);
			defaultConfigurationIsVisible = 0;
			defaultConfigurationName = Debug;
		};
		BE913156297AE45F005D00E9 /* Build configuration list for PBXNativeTarget "Navigation" */ = {
			isa = XCConfigurationList;
			buildConfigurations = (
				BE913157297AE45F005D00E9 /* Debug */,
				BE913158297AE45F005D00E9 /* Release */,
			);
			defaultConfigurationIsVisible = 0;
			defaultConfigurationName = Debug;
		};
/* End XCConfigurationList section */

/* Begin XCRemoteSwiftPackageReference section */
		BE8EE8FE2A159BAA00EC7DA6 /* XCRemoteSwiftPackageReference "iOSIntPackage" */ = {
			isa = XCRemoteSwiftPackageReference;
			repositoryURL = "https://github.com/TrueMax/iOSIntPackage.git";
			requirement = {
				branch = imagepublisher;
				kind = branch;
			};
		};
/* End XCRemoteSwiftPackageReference section */

/* Begin XCSwiftPackageProductDependency section */
		BE8EE8FF2A159BAA00EC7DA6 /* iOSIntPackage */ = {
			isa = XCSwiftPackageProductDependency;
			package = BE8EE8FE2A159BAA00EC7DA6 /* XCRemoteSwiftPackageReference "iOSIntPackage" */;
			productName = iOSIntPackage;
		};
/* End XCSwiftPackageProductDependency section */
	};
	rootObject = BE91313A297AE45F005D00E9 /* Project object */;
}
